
Microsoft Visual Studio Solution File, Format Version 12.00
# Visual Studio Version 17
VisualStudioVersion = 17.14.37516.0 d17.14
MinimumVisualStudioVersion = 10.0.40219.1
Project("{8BC9CEB8-8B4A-11D0-8D11-00A0C91BC942}") = "Day22_Cmake", "Day22_Cmake.vcxproj", "{8CDF3583-1E53-4102-AA5B-8D30BDFB9574}"
EndProject
Global
	GlobalSection(SolutionConfigurationPlatforms) = preSolution
		Debug|x64 = Debug|x64
		Debug|x86 = Debug|x86
		Release|x64 = Release|x64
		Release|x86 = Release|x86
	EndGlobalSection
	GlobalSection(ProjectConfigurationPlatforms) = postSolution
		{8CDF3583-1E53-4102-AA5B-8D30BDFB9574}.Debug|x64.ActiveCfg = Debug|x64
		{8CDF3583-1E53-4102-AA5B-8D30BDFB9574}.Debug|x64.Build.0 = Debug|x64
		{8CDF3583-1E53-4102-AA5B-8D30BDFB9574}.Debug|x86.ActiveCfg = Debug|Win32
		{8CDF3583-1E53-4102-AA5B-8D30BDFB9574}.Debug|x86.Build.0 = Debug|Win32
		{8CDF3583-1E53-4102-AA5B-8D30BDFB9574}.Release|x64.ActiveCfg = Release|x64
		{8CDF3583-1E53-4102-AA5B-8D30BDFB9574}.Release|x64.Build.0 = Release|x64
		{8CDF3583-1E53-4102-AA5B-8D30BDFB9574}.Release|x86.ActiveCfg = Release|Win32
		{8CDF3583-1E53-4102-AA5B-8D30BDFB9574}.Release|x86.Build.0 = Release|Win32
	EndGlobalSection
	GlobalSection(SolutionProperties) = preSolution
		HideSolutionNode = FALSE
	EndGlobalSection
	GlobalSection(ExtensibilityGlobals) = postSolution
		SolutionGuid = {2A38EB1F-E30C-412B-910A-EDF116D036E3}
	EndGlobalSection
EndGlobal
